
Microsoft Visual Studio Solution File, Format Version 12.00
# Visual Studio 15
VisualStudioVersion = 15.0.28010.0
MinimumVisualStudioVersion = 10.0.40219.1
Project("{FAE04EC0-301F-11D3-BF4B-00C04F79EFBC}") = "Selenium", "Selenium\Selenium.csproj", "{3BC4F6C3-35E5-4481-AF5A-23408214D708}"
EndProject
Global
	GlobalSection(SolutionConfigurationPlatforms) = preSolution
		Debug|Any CPU = Debug|Any CPU
		Release|Any CPU = Release|Any CPU
	EndGlobalSection
	GlobalSection(ProjectConfigurationPlatforms) = postSolution
		{3BC4F6C3-35E5-4481-AF5A-23408214D708}.Debug|Any CPU.ActiveCfg = Debug|Any CPU
		{3BC4F6C3-35E5-4481-AF5A-23408214D708}.Debug|Any CPU.Build.0 = Debug|Any CPU
		{3BC4F6C3-35E5-4481-AF5A-23408214D708}.Release|Any CPU.ActiveCfg = Release|Any CPU
		{3BC4F6C3-35E5-4481-AF5A-23408214D708}.Release|Any CPU.Build.0 = Release|Any CPU
	EndGlobalSection
	GlobalSection(SolutionProperties) = preSolution
		HideSolutionNode = FALSE
	EndGlobalSection
	GlobalSection(ExtensibilityGlobals) = postSolution
		SolutionGuid = {C481E82E-5DF8-42AA-AE81-228B4176D22F}
	EndGlobalSection
EndGlobal
